// !$*UTF8*$!
{
	archiveVersion = 1;
	classes = {
	};
	objectVersion = 46;
	objects = {

/* Begin PBXBuildFile section */
		4124BB731C034C100062A5CB /* AFHTTPRequestOperation.m in Sources */ = {isa = PBXBuildFile; fileRef = 4124BB611C034C100062A5CB /* AFHTTPRequestOperation.m */; };
		4124BB741C034C100062A5CB /* AFHTTPRequestOperationManager.m in Sources */ = {isa = PBXBuildFile; fileRef = 4124BB631C034C100062A5CB /* AFHTTPRequestOperationManager.m */; };
		4124BB751C034C100062A5CB /* AFHTTPSessionManager.m in Sources */ = {isa = PBXBuildFile; fileRef = 4124BB651C034C100062A5CB /* AFHTTPSessionManager.m */; };
		4124BB761C034C100062A5CB /* AFNetworkReachabilityManager.m in Sources */ = {isa = PBXBuildFile; fileRef = 4124BB681C034C100062A5CB /* AFNetworkReachabilityManager.m */; };
		4124BB771C034C100062A5CB /* AFSecurityPolicy.m in Sources */ = {isa = PBXBuildFile; fileRef = 4124BB6A1C034C100062A5CB /* AFSecurityPolicy.m */; };
		4124BB781C034C100062A5CB /* AFURLConnectionOperation.m in Sources */ = {isa = PBXBuildFile; fileRef = 4124BB6C1C034C100062A5CB /* AFURLConnectionOperation.m */; };
		4124BB791C034C100062A5CB /* AFURLRequestSerialization.m in Sources */ = {isa = PBXBuildFile; fileRef = 4124BB6E1C034C100062A5CB /* AFURLRequestSerialization.m */; };
		4124BB7A1C034C100062A5CB /* AFURLResponseSerialization.m in Sources */ = {isa = PBXBuildFile; fileRef = 4124BB701C034C100062A5CB /* AFURLResponseSerialization.m */; };
		4124BB7B1C034C100062A5CB /* AFURLSessionManager.m in Sources */ = {isa = PBXBuildFile; fileRef = 4124BB721C034C100062A5CB /* AFURLSessionManager.m */; };
		4124BB8C1C034D810062A5CB /* AFNetworkActivityIndicatorManager.m in Sources */ = {isa = PBXBuildFile; fileRef = 4124BB7E1C034D810062A5CB /* AFNetworkActivityIndicatorManager.m */; };
		4124BB8D1C034D810062A5CB /* UIActivityIndicatorView+AFNetworking.m in Sources */ = {isa = PBXBuildFile; fileRef = 4124BB801C034D810062A5CB /* UIActivityIndicatorView+AFNetworking.m */; };
		4124BB8E1C034D810062A5CB /* UIAlertView+AFNetworking.m in Sources */ = {isa = PBXBuildFile; fileRef = 4124BB821C034D810062A5CB /* UIAlertView+AFNetworking.m */; };
		4124BB8F1C034D810062A5CB /* UIButton+AFNetworking.m in Sources */ = {isa = PBXBuildFile; fileRef = 4124BB841C034D810062A5CB /* UIButton+AFNetworking.m */; };
		4124BB901C034D810062A5CB /* UIImageView+AFNetworking.m in Sources */ = {isa = PBXBuildFile; fileRef = 4124BB861C034D810062A5CB /* UIImageView+AFNetworking.m */; };
		4124BB911C034D810062A5CB /* UIProgressView+AFNetworking.m in Sources */ = {isa = PBXBuildFile; fileRef = 4124BB891C034D810062A5CB /* UIProgressView+AFNetworking.m */; };
		4124BB921C034D810062A5CB /* UIWebView+AFNetworking.m in Sources */ = {isa = PBXBuildFile; fileRef = 4124BB8B1C034D810062A5CB /* UIWebView+AFNetworking.m */; };
		4155358E1BF50CDE004341B1 /* Pregunta.m in Sources */ = {isa = PBXBuildFile; fileRef = 4155358D1BF50CDE004341B1 /* Pregunta.m */; };
		415535911BF50CF4004341B1 /* Autor.m in Sources */ = {isa = PBXBuildFile; fileRef = 415535901BF50CF4004341B1 /* Autor.m */; };
		416F4E9C1BF22F7B00B409E2 /* main.m in Sources */ = {isa = PBXBuildFile; fileRef = 416F4E9B1BF22F7B00B409E2 /* main.m */; };
		416F4E9F1BF22F7B00B409E2 /* AppDelegate.m in Sources */ = {isa = PBXBuildFile; fileRef = 416F4E9E1BF22F7B00B409E2 /* AppDelegate.m */; };
		416F4EA21BF22F7B00B409E2 /* ViewController.m in Sources */ = {isa = PBXBuildFile; fileRef = 416F4EA11BF22F7B00B409E2 /* ViewController.m */; };
		416F4EA51BF22F7B00B409E2 /* Main.storyboard in Resources */ = {isa = PBXBuildFile; fileRef = 416F4EA31BF22F7B00B409E2 /* Main.storyboard */; };
		416F4EA71BF22F7B00B409E2 /* Assets.xcassets in Resources */ = {isa = PBXBuildFile; fileRef = 416F4EA61BF22F7B00B409E2 /* Assets.xcassets */; };
		416F4EAA1BF22F7B00B409E2 /* LaunchScreen.storyboard in Resources */ = {isa = PBXBuildFile; fileRef = 416F4EA81BF22F7B00B409E2 /* LaunchScreen.storyboard */; };
		417464491BF37EC400FE5A08 /* Contenedor.m in Sources */ = {isa = PBXBuildFile; fileRef = 417464481BF37EC400FE5A08 /* Contenedor.m */; };
		419085A41BF329DD00F00C2F /* GeneraEntidad.m in Sources */ = {isa = PBXBuildFile; fileRef = 419085A31BF329DD00F00C2F /* GeneraEntidad.m */; };
		419085A71BF32AEA00F00C2F /* UrlCallsHelper.m in Sources */ = {isa = PBXBuildFile; fileRef = 419085A61BF32AEA00F00C2F /* UrlCallsHelper.m */; };
		41C1E43B1BF2A01F00ADC55C /* FileHelper.m in Sources */ = {isa = PBXBuildFile; fileRef = 41C1E43A1BF2A01F00ADC55C /* FileHelper.m */; };
		41EF55B21BF91DF800DD1BB1 /* imgperfil.png in Resources */ = {isa = PBXBuildFile; fileRef = 41EF55B11BF91DF800DD1BB1 /* imgperfil.png */; };
/* End PBXBuildFile section */

/* Begin PBXFileReference section */
		4124BB601C034C100062A5CB /* AFHTTPRequestOperation.h */ = {isa = PBXFileReference; fileEncoding = 4; lastKnownFileType = sourcecode.c.h; path = AFHTTPRequestOperation.h; sourceTree = "<group>"; };
		4124BB611C034C100062A5CB /* AFHTTPRequestOperation.m */ = {isa = PBXFileReference; fileEncoding = 4; lastKnownFileType = sourcecode.c.objc; path = AFHTTPRequestOperation.m; sourceTree = "<group>"; };
		4124BB621C034C100062A5CB /* AFHTTPRequestOperationManager.h */ = {isa = PBXFileReference; fileEncoding = 4; lastKnownFileType = sourcecode.c.h; path = AFHTTPRequestOperationManager.h; sourceTree = "<group>"; };
		4124BB631C034C100062A5CB /* AFHTTPRequestOperationManager.m */ = {isa = PBXFileReference; fileEncoding = 4; lastKnownFileType = sourcecode.c.objc; path = AFHTTPRequestOperationManager.m; sourceTree = "<group>"; };
		4124BB641C034C100062A5CB /* AFHTTPSessionManager.h */ = {isa = PBXFileReference; fileEncoding = 4; lastKnownFileType = sourcecode.c.h; path = AFHTTPSessionManager.h; sourceTree = "<group>"; };
		4124BB651C034C100062A5CB /* AFHTTPSessionManager.m */ = {isa = PBXFileReference; fileEncoding = 4; lastKnownFileType = sourcecode.c.objc; path = AFHTTPSessionManager.m; sourceTree = "<group>"; };
		4124BB661C034C100062A5CB /* AFNetworking.h */ = {isa = PBXFileReference; fileEncoding = 4; lastKnownFileType = sourcecode.c.h; path = AFNetworking.h; sourceTree = "<group>"; };
		4124BB671C034C100062A5CB /* AFNetworkReachabilityManager.h */ = {isa = PBXFileReference; fileEncoding = 4; lastKnownFileType = sourcecode.c.h; path = AFNetworkReachabilityManager.h; sourceTree = "<group>"; };
		4124BB681C034C100062A5CB /* AFNetworkReachabilityManager.m */ = {isa = PBXFileReference; fileEncoding = 4; lastKnownFileType = sourcecode.c.objc; path = AFNetworkReachabilityManager.m; sourceTree = "<group>"; };
		4124BB691C034C100062A5CB /* AFSecurityPolicy.h */ = {isa = PBXFileReference; fileEncoding = 4; lastKnownFileType = sourcecode.c.h; path = AFSecurityPolicy.h; sourceTree = "<group>"; };
		4124BB6A1C034C100062A5CB /* AFSecurityPolicy.m */ = {isa = PBXFileReference; fileEncoding = 4; lastKnownFileType = sourcecode.c.objc; path = AFSecurityPolicy.m; sourceTree = "<group>"; };
		4124BB6B1C034C100062A5CB /* AFURLConnectionOperation.h */ = {isa = PBXFileReference; fileEncoding = 4; lastKnownFileType = sourcecode.c.h; path = AFURLConnectionOperation.h; sourceTree = "<group>"; };
		4124BB6C1C034C100062A5CB /* AFURLConnectionOperation.m */ = {isa = PBXFileReference; fileEncoding = 4; lastKnownFileType = sourcecode.c.objc; path = AFURLConnectionOperation.m; sourceTree = "<group>"; };
		4124BB6D1C034C100062A5CB /* AFURLRequestSerialization.h */ = {isa = PBXFileReference; fileEncoding = 4; lastKnownFileType = sourcecode.c.h; path = AFURLRequestSerialization.h; sourceTree = "<group>"; };
		4124BB6E1C034C100062A5CB /* AFURLRequestSerialization.m */ = {isa = PBXFileReference; fileEncoding = 4; lastKnownFileType = sourcecode.c.objc; path = AFURLRequestSerialization.m; sourceTree = "<group>"; };
		4124BB6F1C034C100062A5CB /* AFURLResponseSerialization.h */ = {isa = PBXFileReference; fileEncoding = 4; lastKnownFileType = sourcecode.c.h; path = AFURLResponseSerialization.h; sourceTree = "<group>"; };
		4124BB701C034C100062A5CB /* AFURLResponseSerialization.m */ = {isa = PBXFileReference; fileEncoding = 4; lastKnownFileType = sourcecode.c.objc; path = AFURLResponseSerialization.m; sourceTree = "<group>"; };
		4124BB711C034C100062A5CB /* AFURLSessionManager.h */ = {isa = PBXFileReference; fileEncoding = 4; lastKnownFileType = sourcecode.c.h; path = AFURLSessionManager.h; sourceTree = "<group>"; };
		4124BB721C034C100062A5CB /* AFURLSessionManager.m */ = {isa = PBXFileReference; fileEncoding = 4; lastKnownFileType = sourcecode.c.objc; path = AFURLSessionManager.m; sourceTree = "<group>"; };
		4124BB7D1C034D810062A5CB /* AFNetworkActivityIndicatorManager.h */ = {isa = PBXFileReference; fileEncoding = 4; lastKnownFileType = sourcecode.c.h; path = AFNetworkActivityIndicatorManager.h; sourceTree = "<group>"; };
		4124BB7E1C034D810062A5CB /* AFNetworkActivityIndicatorManager.m */ = {isa = PBXFileReference; fileEncoding = 4; lastKnownFileType = sourcecode.c.objc; path = AFNetworkActivityIndicatorManager.m; sourceTree = "<group>"; };
		4124BB7F1C034D810062A5CB /* UIActivityIndicatorView+AFNetworking.h */ = {isa = PBXFileReference; fileEncoding = 4; lastKnownFileType = sourcecode.c.h; path = "UIActivityIndicatorView+AFNetworking.h"; sourceTree = "<group>"; };
		4124BB801C034D810062A5CB /* UIActivityIndicatorView+AFNetworking.m */ = {isa = PBXFileReference; fileEncoding = 4; lastKnownFileType = sourcecode.c.objc; path = "UIActivityIndicatorView+AFNetworking.m"; sourceTree = "<group>"; };
		4124BB811C034D810062A5CB /* UIAlertView+AFNetworking.h */ = {isa = PBXFileReference; fileEncoding = 4; lastKnownFileType = sourcecode.c.h; path = "UIAlertView+AFNetworking.h"; sourceTree = "<group>"; };
		4124BB821C034D810062A5CB /* UIAlertView+AFNetworking.m */ = {isa = PBXFileReference; fileEncoding = 4; lastKnownFileType = sourcecode.c.objc; path = "UIAlertView+AFNetworking.m"; sourceTree = "<group>"; };
		4124BB831C034D810062A5CB /* UIButton+AFNetworking.h */ = {isa = PBXFileReference; fileEncoding = 4; lastKnownFileType = sourcecode.c.h; path = "UIButton+AFNetworking.h"; sourceTree = "<group>"; };
		4124BB841C034D810062A5CB /* UIButton+AFNetworking.m */ = {isa = PBXFileReference; fileEncoding = 4; lastKnownFileType = sourcecode.c.objc; path = "UIButton+AFNetworking.m"; sourceTree = "<group>"; };
		4124BB851C034D810062A5CB /* UIImageView+AFNetworking.h */ = {isa = PBXFileReference; fileEncoding = 4; lastKnownFileType = sourcecode.c.h; path = "UIImageView+AFNetworking.h"; sourceTree = "<group>"; };
		4124BB861C034D810062A5CB /* UIImageView+AFNetworking.m */ = {isa = PBXFileReference; fileEncoding = 4; lastKnownFileType = sourcecode.c.objc; path = "UIImageView+AFNetworking.m"; sourceTree = "<group>"; };
		4124BB871C034D810062A5CB /* UIKit+AFNetworking.h */ = {isa = PBXFileReference; fileEncoding = 4; lastKnownFileType = sourcecode.c.h; path = "UIKit+AFNetworking.h"; sourceTree = "<group>"; };
		4124BB881C034D810062A5CB /* UIProgressView+AFNetworking.h */ = {isa = PBXFileReference; fileEncoding = 4; lastKnownFileType = sourcecode.c.h; path = "UIProgressView+AFNetworking.h"; sourceTree = "<group>"; };
		4124BB891C034D810062A5CB /* UIProgressView+AFNetworking.m */ = {isa = PBXFileReference; fileEncoding = 4; lastKnownFileType = sourcecode.c.objc; path = "UIProgressView+AFNetworking.m"; sourceTree = "<group>"; };
		4124BB8A1C034D810062A5CB /* UIWebView+AFNetworking.h */ = {isa = PBXFileReference; fileEncoding = 4; lastKnownFileType = sourcecode.c.h; path = "UIWebView+AFNetworking.h"; sourceTree = "<group>"; };
		4124BB8B1C034D810062A5CB /* UIWebView+AFNetworking.m */ = {isa = PBXFileReference; fileEncoding = 4; lastKnownFileType = sourcecode.c.objc; path = "UIWebView+AFNetworking.m"; sourceTree = "<group>"; };
		4155358C1BF50CDE004341B1 /* Pregunta.h */ = {isa = PBXFileReference; fileEncoding = 4; lastKnownFileType = sourcecode.c.h; path = Pregunta.h; sourceTree = "<group>"; };
		4155358D1BF50CDE004341B1 /* Pregunta.m */ = {isa = PBXFileReference; fileEncoding = 4; lastKnownFileType = sourcecode.c.objc; path = Pregunta.m; sourceTree = "<group>"; };
		4155358F1BF50CF4004341B1 /* Autor.h */ = {isa = PBXFileReference; fileEncoding = 4; lastKnownFileType = sourcecode.c.h; path = Autor.h; sourceTree = "<group>"; };
		415535901BF50CF4004341B1 /* Autor.m */ = {isa = PBXFileReference; fileEncoding = 4; lastKnownFileType = sourcecode.c.objc; path = Autor.m; sourceTree = "<group>"; };
		4167386B1BF3E7CB00C00AB4 /* PrefixHeader.pch */ = {isa = PBXFileReference; lastKnownFileType = sourcecode.c.h; path = PrefixHeader.pch; sourceTree = "<group>"; };
		416F4E971BF22F7B00B409E2 /* EduardoFC.app */ = {isa = PBXFileReference; explicitFileType = wrapper.application; includeInIndex = 0; path = EduardoFC.app; sourceTree = BUILT_PRODUCTS_DIR; };
		416F4E9B1BF22F7B00B409E2 /* main.m */ = {isa = PBXFileReference; lastKnownFileType = sourcecode.c.objc; path = main.m; sourceTree = "<group>"; };
		416F4E9D1BF22F7B00B409E2 /* AppDelegate.h */ = {isa = PBXFileReference; lastKnownFileType = sourcecode.c.h; path = AppDelegate.h; sourceTree = "<group>"; };
		416F4E9E1BF22F7B00B409E2 /* AppDelegate.m */ = {isa = PBXFileReference; lastKnownFileType = sourcecode.c.objc; path = AppDelegate.m; sourceTree = "<group>"; };
		416F4EA01BF22F7B00B409E2 /* ViewController.h */ = {isa = PBXFileReference; lastKnownFileType = sourcecode.c.h; path = ViewController.h; sourceTree = "<group>"; };
		416F4EA11BF22F7B00B409E2 /* ViewController.m */ = {isa = PBXFileReference; lastKnownFileType = sourcecode.c.objc; path = ViewController.m; sourceTree = "<group>"; };
		416F4EA41BF22F7B00B409E2 /* Base */ = {isa = PBXFileReference; lastKnownFileType = file.storyboard; name = Base; path = Base.lproj/Main.storyboard; sourceTree = "<group>"; };
		416F4EA61BF22F7B00B409E2 /* Assets.xcassets */ = {isa = PBXFileReference; lastKnownFileType = folder.assetcatalog; path = Assets.xcassets; sourceTree = "<group>"; };
		416F4EA91BF22F7B00B409E2 /* Base */ = {isa = PBXFileReference; lastKnownFileType = file.storyboard; name = Base; path = Base.lproj/LaunchScreen.storyboard; sourceTree = "<group>"; };
		416F4EAB1BF22F7B00B409E2 /* Info.plist */ = {isa = PBXFileReference; lastKnownFileType = text.plist.xml; path = Info.plist; sourceTree = "<group>"; };
		417464471BF37EC400FE5A08 /* Contenedor.h */ = {isa = PBXFileReference; fileEncoding = 4; lastKnownFileType = sourcecode.c.h; path = Contenedor.h; sourceTree = "<group>"; };
		417464481BF37EC400FE5A08 /* Contenedor.m */ = {isa = PBXFileReference; fileEncoding = 4; lastKnownFileType = sourcecode.c.objc; path = Contenedor.m; sourceTree = "<group>"; };
		419085A21BF329DD00F00C2F /* GeneraEntidad.h */ = {isa = PBXFileReference; fileEncoding = 4; lastKnownFileType = sourcecode.c.h; path = GeneraEntidad.h; sourceTree = "<group>"; };
		419085A31BF329DD00F00C2F /* GeneraEntidad.m */ = {isa = PBXFileReference; fileEncoding = 4; lastKnownFileType = sourcecode.c.objc; path = GeneraEntidad.m; sourceTree = "<group>"; };
		419085A51BF32AEA00F00C2F /* UrlCallsHelper.h */ = {isa = PBXFileReference; fileEncoding = 4; lastKnownFileType = sourcecode.c.h; path = UrlCallsHelper.h; sourceTree = "<group>"; };
		419085A61BF32AEA00F00C2F /* UrlCallsHelper.m */ = {isa = PBXFileReference; fileEncoding = 4; lastKnownFileType = sourcecode.c.objc; path = UrlCallsHelper.m; sourceTree = "<group>"; };
		41C1E4391BF2A01F00ADC55C /* FileHelper.h */ = {isa = PBXFileReference; fileEncoding = 4; lastKnownFileType = sourcecode.c.h; path = FileHelper.h; sourceTree = "<group>"; };
		41C1E43A1BF2A01F00ADC55C /* FileHelper.m */ = {isa = PBXFileReference; fileEncoding = 4; lastKnownFileType = sourcecode.c.objc; path = FileHelper.m; sourceTree = "<group>"; };
		41EF55B11BF91DF800DD1BB1 /* imgperfil.png */ = {isa = PBXFileReference; lastKnownFileType = image.png; path = imgperfil.png; sourceTree = "<group>"; };
/* End PBXFileReference section */

/* Begin PBXFrameworksBuildPhase section */
		416F4E941BF22F7B00B409E2 /* Frameworks */ = {
			isa = PBXFrameworksBuildPhase;
			buildActionMask = 2147483647;
			files = (
			);
			runOnlyForDeploymentPostprocessing = 0;
		};
/* End PBXFrameworksBuildPhase section */

/* Begin PBXGroup section */
		4124BB5F1C034C100062A5CB /* AFNetworking */ = {
			isa = PBXGroup;
			children = (
				4124BB601C034C100062A5CB /* AFHTTPRequestOperation.h */,
				4124BB611C034C100062A5CB /* AFHTTPRequestOperation.m */,
				4124BB621C034C100062A5CB /* AFHTTPRequestOperationManager.h */,
				4124BB631C034C100062A5CB /* AFHTTPRequestOperationManager.m */,
				4124BB641C034C100062A5CB /* AFHTTPSessionManager.h */,
				4124BB651C034C100062A5CB /* AFHTTPSessionManager.m */,
				4124BB661C034C100062A5CB /* AFNetworking.h */,
				4124BB671C034C100062A5CB /* AFNetworkReachabilityManager.h */,
				4124BB681C034C100062A5CB /* AFNetworkReachabilityManager.m */,
				4124BB691C034C100062A5CB /* AFSecurityPolicy.h */,
				4124BB6A1C034C100062A5CB /* AFSecurityPolicy.m */,
				4124BB6B1C034C100062A5CB /* AFURLConnectionOperation.h */,
				4124BB6C1C034C100062A5CB /* AFURLConnectionOperation.m */,
				4124BB6D1C034C100062A5CB /* AFURLRequestSerialization.h */,
				4124BB6E1C034C100062A5CB /* AFURLRequestSerialization.m */,
				4124BB6F1C034C100062A5CB /* AFURLResponseSerialization.h */,
				4124BB701C034C100062A5CB /* AFURLResponseSerialization.m */,
				4124BB711C034C100062A5CB /* AFURLSessionManager.h */,
				4124BB721C034C100062A5CB /* AFURLSessionManager.m */,
			);
			path = AFNetworking;
			sourceTree = "<group>";
		};
		4124BB7C1C034D810062A5CB /* UIKit+AFNetworking */ = {
			isa = PBXGroup;
			children = (
				4124BB7D1C034D810062A5CB /* AFNetworkActivityIndicatorManager.h */,
				4124BB7E1C034D810062A5CB /* AFNetworkActivityIndicatorManager.m */,
				4124BB7F1C034D810062A5CB /* UIActivityIndicatorView+AFNetworking.h */,
				4124BB801C034D810062A5CB /* UIActivityIndicatorView+AFNetworking.m */,
				4124BB811C034D810062A5CB /* UIAlertView+AFNetworking.h */,
				4124BB821C034D810062A5CB /* UIAlertView+AFNetworking.m */,
				4124BB831C034D810062A5CB /* UIButton+AFNetworking.h */,
				4124BB841C034D810062A5CB /* UIButton+AFNetworking.m */,
				4124BB851C034D810062A5CB /* UIImageView+AFNetworking.h */,
				4124BB861C034D810062A5CB /* UIImageView+AFNetworking.m */,
				4124BB871C034D810062A5CB /* UIKit+AFNetworking.h */,
				4124BB881C034D810062A5CB /* UIProgressView+AFNetworking.h */,
				4124BB891C034D810062A5CB /* UIProgressView+AFNetworking.m */,
				4124BB8A1C034D810062A5CB /* UIWebView+AFNetworking.h */,
				4124BB8B1C034D810062A5CB /* UIWebView+AFNetworking.m */,
			);
			path = "UIKit+AFNetworking";
			sourceTree = "<group>";
		};
		416F4E8E1BF22F7B00B409E2 = {
			isa = PBXGroup;
			children = (
				416F4E991BF22F7B00B409E2 /* EduardoFC */,
				416F4E981BF22F7B00B409E2 /* Products */,
			);
			sourceTree = "<group>";
		};
		416F4E981BF22F7B00B409E2 /* Products */ = {
			isa = PBXGroup;
			children = (
				416F4E971BF22F7B00B409E2 /* EduardoFC.app */,
			);
			name = Products;
			sourceTree = "<group>";
		};
		416F4E991BF22F7B00B409E2 /* EduardoFC */ = {
			isa = PBXGroup;
			children = (
				4124BB7C1C034D810062A5CB /* UIKit+AFNetworking */,
				4124BB5F1C034C100062A5CB /* AFNetworking */,
				416F4E9D1BF22F7B00B409E2 /* AppDelegate.h */,
				416F4E9E1BF22F7B00B409E2 /* AppDelegate.m */,
				416F4EA01BF22F7B00B409E2 /* ViewController.h */,
				416F4EA11BF22F7B00B409E2 /* ViewController.m */,
				41EF55B91BF92AE100DD1BB1 /* Entidades */,
				41EF55B81BF92ABF00DD1BB1 /* Contenedor */,
				41EF55B71BF92AAF00DD1BB1 /* GeneraEntidad */,
				41EF55B61BF92A6700DD1BB1 /* Helpers */,
				416F4E9A1BF22F7B00B409E2 /* Supporting Files */,
			);
			path = EduardoFC;
			sourceTree = "<group>";
		};
		416F4E9A1BF22F7B00B409E2 /* Supporting Files */ = {
			isa = PBXGroup;
			children = (
				416F4EAB1BF22F7B00B409E2 /* Info.plist */,
				416F4E9B1BF22F7B00B409E2 /* main.m */,
				41EF55B51BF92A4200DD1BB1 /* ficheropch */,
				41EF55B41BF92A1700DD1BB1 /* storyboard */,
				41EF55B31BF9298E00DD1BB1 /* imagenes */,
			);
			name = "Supporting Files";
			sourceTree = "<group>";
		};
		41EF55B31BF9298E00DD1BB1 /* imagenes */ = {
			isa = PBXGroup;
			children = (
				416F4EA61BF22F7B00B409E2 /* Assets.xcassets */,
				41EF55B11BF91DF800DD1BB1 /* imgperfil.png */,
			);
			name = imagenes;
			sourceTree = "<group>";
		};
		41EF55B41BF92A1700DD1BB1 /* storyboard */ = {
			isa = PBXGroup;
			children = (
				416F4EA31BF22F7B00B409E2 /* Main.storyboard */,
				416F4EA81BF22F7B00B409E2 /* LaunchScreen.storyboard */,
			);
			name = storyboard;
			sourceTree = "<group>";
		};
		41EF55B51BF92A4200DD1BB1 /* ficheropch */ = {
			isa = PBXGroup;
			children = (
				4167386B1BF3E7CB00C00AB4 /* PrefixHeader.pch */,
			);
			name = ficheropch;
			sourceTree = "<group>";
		};
		41EF55B61BF92A6700DD1BB1 /* Helpers */ = {
			isa = PBXGroup;
			children = (
				41C1E4391BF2A01F00ADC55C /* FileHelper.h */,
				41C1E43A1BF2A01F00ADC55C /* FileHelper.m */,
				419085A51BF32AEA00F00C2F /* UrlCallsHelper.h */,
				419085A61BF32AEA00F00C2F /* UrlCallsHelper.m */,
			);
			name = Helpers;
			sourceTree = "<group>";
		};
		41EF55B71BF92AAF00DD1BB1 /* GeneraEntidad */ = {
			isa = PBXGroup;
			children = (
				419085A21BF329DD00F00C2F /* GeneraEntidad.h */,
				419085A31BF329DD00F00C2F /* GeneraEntidad.m */,
			);
			name = GeneraEntidad;
			sourceTree = "<group>";
		};
		41EF55B81BF92ABF00DD1BB1 /* Contenedor */ = {
			isa = PBXGroup;
			children = (
				417464471BF37EC400FE5A08 /* Contenedor.h */,
				417464481BF37EC400FE5A08 /* Contenedor.m */,
			);
			name = Contenedor;
			sourceTree = "<group>";
		};
		41EF55B91BF92AE100DD1BB1 /* Entidades */ = {
			isa = PBXGroup;
			children = (
				4155358C1BF50CDE004341B1 /* Pregunta.h */,
				4155358D1BF50CDE004341B1 /* Pregunta.m */,
				4155358F1BF50CF4004341B1 /* Autor.h */,
				415535901BF50CF4004341B1 /* Autor.m */,
			);
			name = Entidades;
			sourceTree = "<group>";
		};
/* End PBXGroup section */

/* Begin PBXNativeTarget section */
		416F4E961BF22F7B00B409E2 /* EduardoFC */ = {
			isa = PBXNativeTarget;
			buildConfigurationList = 416F4EAE1BF22F7B00B409E2 /* Build configuration list for PBXNativeTarget "EduardoFC" */;
			buildPhases = (
				416F4E931BF22F7B00B409E2 /* Sources */,
				416F4E941BF22F7B00B409E2 /* Frameworks */,
				416F4E951BF22F7B00B409E2 /* Resources */,
			);
			buildRules = (
			);
			dependencies = (
			);
			name = EduardoFC;
			productName = EduardoFC;
			productReference = 416F4E971BF22F7B00B409E2 /* EduardoFC.app */;
			productType = "com.apple.product-type.application";
		};
/* End PBXNativeTarget section */

/* Begin PBXProject section */
		416F4E8F1BF22F7B00B409E2 /* Project object */ = {
			isa = PBXProject;
			attributes = {
				LastUpgradeCheck = 0710;
				ORGANIZATIONNAME = "eduardo fulgencio";
				TargetAttributes = {
					416F4E961BF22F7B00B409E2 = {
						CreatedOnToolsVersion = 7.1;
					};
				};
			};
			buildConfigurationList = 416F4E921BF22F7B00B409E2 /* Build configuration list for PBXProject "EduardoFC" */;
			compatibilityVersion = "Xcode 3.2";
			developmentRegion = English;
			hasScannedForEncodings = 0;
			knownRegions = (
				en,
				Base,
			);
			mainGroup = 416F4E8E1BF22F7B00B409E2;
			productRefGroup = 416F4E981BF22F7B00B409E2 /* Products */;
			projectDirPath = "";
			projectRoot = "";
			targets = (
				416F4E961BF22F7B00B409E2 /* EduardoFC */,
			);
		};
/* End PBXProject section */

/* Begin PBXResourcesBuildPhase section */
		416F4E951BF22F7B00B409E2 /* Resources */ = {
			isa = PBXResourcesBuildPhase;
			buildActionMask = 2147483647;
			files = (
				41EF55B21BF91DF800DD1BB1 /* imgperfil.png in Resources */,
				416F4EAA1BF22F7B00B409E2 /* LaunchScreen.storyboard in Resources */,
				416F4EA71BF22F7B00B409E2 /* Assets.xcassets in Resources */,
				416F4EA51BF22F7B00B409E2 /* Main.storyboard in Resources */,
			);
			runOnlyForDeploymentPostprocessing = 0;
		};
/* End PBXResourcesBuildPhase section */

/* Begin PBXSourcesBuildPhase section */
		416F4E931BF22F7B00B409E2 /* Sources */ = {
			isa = PBXSourcesBuildPhase;
			buildActionMask = 2147483647;
			files = (
				4124BB771C034C100062A5CB /* AFSecurityPolicy.m in Sources */,
				416F4EA21BF22F7B00B409E2 /* ViewController.m in Sources */,
				4124BB761C034C100062A5CB /* AFNetworkReachabilityManager.m in Sources */,
				4155358E1BF50CDE004341B1 /* Pregunta.m in Sources */,
				4124BB8C1C034D810062A5CB /* AFNetworkActivityIndicatorManager.m in Sources */,
				4124BB901C034D810062A5CB /* UIImageView+AFNetworking.m in Sources */,
				4124BB781C034C100062A5CB /* AFURLConnectionOperation.m in Sources */,
				4124BB8D1C034D810062A5CB /* UIActivityIndicatorView+AFNetworking.m in Sources */,
				4124BB731C034C100062A5CB /* AFHTTPRequestOperation.m in Sources */,
				4124BB751C034C100062A5CB /* AFHTTPSessionManager.m in Sources */,
				4124BB8E1C034D810062A5CB /* UIAlertView+AFNetworking.m in Sources */,
				4124BB791C034C100062A5CB /* AFURLRequestSerialization.m in Sources */,
				417464491BF37EC400FE5A08 /* Contenedor.m in Sources */,
				4124BB7B1C034C100062A5CB /* AFURLSessionManager.m in Sources */,
				416F4E9F1BF22F7B00B409E2 /* AppDelegate.m in Sources */,
				4124BB741C034C100062A5CB /* AFHTTPRequestOperationManager.m in Sources */,
				4124BB911C034D810062A5CB /* UIProgressView+AFNetworking.m in Sources */,
				416F4E9C1BF22F7B00B409E2 /* main.m in Sources */,
				4124BB8F1C034D810062A5CB /* UIButton+AFNetworking.m in Sources */,
				4124BB7A1C034C100062A5CB /* AFURLResponseSerialization.m in Sources */,
				419085A41BF329DD00F00C2F /* GeneraEntidad.m in Sources */,
				415535911BF50CF4004341B1 /* Autor.m in Sources */,
				4124BB921C034D810062A5CB /* UIWebView+AFNetworking.m in Sources */,
				41C1E43B1BF2A01F00ADC55C /* FileHelper.m in Sources */,
				419085A71BF32AEA00F00C2F /* UrlCallsHelper.m in Sources */,
			);
			runOnlyForDeploymentPostprocessing = 0;
		};
/* End PBXSourcesBuildPhase section */

/* Begin PBXVariantGroup section */
		416F4EA31BF22F7B00B409E2 /* Main.storyboard */ = {
			isa = PBXVariantGroup;
			children = (
				416F4EA41BF22F7B00B409E2 /* Base */,
			);
			name = Main.storyboard;
			sourceTree = "<group>";
		};
		416F4EA81BF22F7B00B409E2 /* LaunchScreen.storyboard */ = {
			isa = PBXVariantGroup;
			children = (
				416F4EA91BF22F7B00B409E2 /* Base */,
			);
			name = LaunchScreen.storyboard;
			sourceTree = "<group>";
		};
/* End PBXVariantGroup section */

/* Begin XCBuildConfiguration section */
		416F4EAC1BF22F7B00B409E2 /* Debug */ = {
			isa = XCBuildConfiguration;
			buildSettings = {
				ALWAYS_SEARCH_USER_PATHS = NO;
				CLANG_CXX_LANGUAGE_STANDARD = "gnu++0x";
				CLANG_CXX_LIBRARY = "libc++";
				CLANG_ENABLE_MODULES = YES;
				CLANG_ENABLE_OBJC_ARC = YES;
				CLANG_WARN_BOOL_CONVERSION = YES;
				CLANG_WARN_CONSTANT_CONVERSION = YES;
				CLANG_WARN_DIRECT_OBJC_ISA_USAGE = YES_ERROR;
				CLANG_WARN_EMPTY_BODY = YES;
				CLANG_WARN_ENUM_CONVERSION = YES;
				CLANG_WARN_INT_CONVERSION = YES;
				CLANG_WARN_OBJC_ROOT_CLASS = YES_ERROR;
				CLANG_WARN_UNREACHABLE_CODE = YES;
				CLANG_WARN__DUPLICATE_METHOD_MATCH = YES;
				"CODE_SIGN_IDENTITY[sdk=iphoneos*]" = "iPhone Developer";
				COPY_PHASE_STRIP = NO;
				DEBUG_INFORMATION_FORMAT = dwarf;
				ENABLE_STRICT_OBJC_MSGSEND = YES;
				ENABLE_TESTABILITY = YES;
				GCC_C_LANGUAGE_STANDARD = gnu99;
				GCC_DYNAMIC_NO_PIC = NO;
				GCC_NO_COMMON_BLOCKS = YES;
				GCC_OPTIMIZATION_LEVEL = 0;
				GCC_PREPROCESSOR_DEFINITIONS = (
					"DEBUG=1",
					"$(inherited)",
				);
				GCC_WARN_64_TO_32_BIT_CONVERSION = YES;
				GCC_WARN_ABOUT_RETURN_TYPE = YES_ERROR;
				GCC_WARN_UNDECLARED_SELECTOR = YES;
				GCC_WARN_UNINITIALIZED_AUTOS = YES_AGGRESSIVE;
				GCC_WARN_UNUSED_FUNCTION = YES;
				GCC_WARN_UNUSED_VARIABLE = YES;
				IPHONEOS_DEPLOYMENT_TARGET = 9.1;
				MTL_ENABLE_DEBUG_INFO = YES;
				ONLY_ACTIVE_ARCH = YES;
				SDKROOT = iphoneos;
			};
			name = Debug;
		};
		416F4EAD1BF22F7B00B409E2 /* Release */ = {
			isa = XCBuildConfiguration;
			buildSettings = {
				ALWAYS_SEARCH_USER_PATHS = NO;
				CLANG_CXX_LANGUAGE_STANDARD = "gnu++0x";
				CLANG_CXX_LIBRARY = "libc++";
				CLANG_ENABLE_MODULES = YES;
				CLANG_ENABLE_OBJC_ARC = YES;
				CLANG_WARN_BOOL_CONVERSION = YES;
				CLANG_WARN_CONSTANT_CONVERSION = YES;
				CLANG_WARN_DIRECT_OBJC_ISA_USAGE = YES_ERROR;
				CLANG_WARN_EMPTY_BODY = YES;
				CLANG_WARN_ENUM_CONVERSION = YES;
				CLANG_WARN_INT_CONVERSION = YES;
				CLANG_WARN_OBJC_ROOT_CLASS = YES_ERROR;
				CLANG_WARN_UNREACHABLE_CODE = YES;
				CLANG_WARN__DUPLICATE_METHOD_MATCH = YES;
				"CODE_SIGN_IDENTITY[sdk=iphoneos*]" = "iPhone Developer";
				COPY_PHASE_STRIP = NO;
				DEBUG_INFORMATION_FORMAT = "dwarf-with-dsym";
				ENABLE_NS_ASSERTIONS = NO;
				ENABLE_STRICT_OBJC_MSGSEND = YES;
				GCC_C_LANGUAGE_STANDARD = gnu99;
				GCC_NO_COMMON_BLOCKS = YES;
				GCC_WARN_64_TO_32_BIT_CONVERSION = YES;
				GCC_WARN_ABOUT_RETURN_TYPE = YES_ERROR;
				GCC_WARN_UNDECLARED_SELECTOR = YES;
				GCC_WARN_UNINITIALIZED_AUTOS = YES_AGGRESSIVE;
				GCC_WARN_UNUSED_FUNCTION = YES;
				GCC_WARN_UNUSED_VARIABLE = YES;
				IPHONEOS_DEPLOYMENT_TARGET = 9.1;
				MTL_ENABLE_DEBUG_INFO = NO;
				SDKROOT = iphoneos;
				VALIDATE_PRODUCT = YES;
			};
			name = Release;
		};
		416F4EAF1BF22F7B00B409E2 /* Debug */ = {
			isa = XCBuildConfiguration;
			buildSettings = {
				ASSETCATALOG_COMPILER_APPICON_NAME = AppIcon;
				GCC_PRECOMPILE_PREFIX_HEADER = YES;
				GCC_PREFIX_HEADER = EduardoFC/PrefixHeader.pch;
				INFOPLIST_FILE = EduardoFC/Info.plist;
				IPHONEOS_DEPLOYMENT_TARGET = 8.4;
				LD_RUNPATH_SEARCH_PATHS = "$(inherited) @executable_path/Frameworks";
				PRODUCT_BUNDLE_IDENTIFIER = com.efc.EduardoFC;
				PRODUCT_NAME = "$(TARGET_NAME)";
			};
			name = Debug;
		};
		416F4EB01BF22F7B00B409E2 /* Release */ = {
			isa = XCBuildConfiguration;
			buildSettings = {
				ASSETCATALOG_COMPILER_APPICON_NAME = AppIcon;
				GCC_PRECOMPILE_PREFIX_HEADER = YES;
				GCC_PREFIX_HEADER = EduardoFC/PrefixHeader.pch;
				INFOPLIST_FILE = EduardoFC/Info.plist;
				IPHONEOS_DEPLOYMENT_TARGET = 8.4;
				LD_RUNPATH_SEARCH_PATHS = "$(inherited) @executable_path/Frameworks";
				PRODUCT_BUNDLE_IDENTIFIER = com.efc.EduardoFC;
				PRODUCT_NAME = "$(TARGET_NAME)";
			};
			name = Release;
		};
/* End XCBuildConfiguration section */

/* Begin XCConfigurationList section */
		416F4E921BF22F7B00B409E2 /* Build configuration list for PBXProject "EduardoFC" */ = {
			isa = XCConfigurationList;
			buildConfigurations = (
				416F4EAC1BF22F7B00B409E2 /* Debug */,
				416F4EAD1BF22F7B00B409E2 /* Release */,
			);
			defaultConfigurationIsVisible = 0;
			defaultConfigurationName = Release;
		};
		416F4EAE1BF22F7B00B409E2 /* Build configuration list for PBXNativeTarget "EduardoFC" */ = {
			isa = XCConfigurationList;
			buildConfigurations = (
				416F4EAF1BF22F7B00B409E2 /* Debug */,
				416F4EB01BF22F7B00B409E2 /* Release */,
			);
			defaultConfigurationIsVisible = 0;
			defaultConfigurationName = Release;
		};
/* End XCConfigurationList section */
	};
	rootObject = 416F4E8F1BF22F7B00B409E2 /* Project object */;
}
